
Microsoft Visual Studio Solution File, Format Version 12.00
# Visual Studio Version 17
VisualStudioVersion = 17.13.35825.156
MinimumVisualStudioVersion = 10.0.40219.1
Project("{FAE04EC0-301F-11D3-BF4B-00C04F79EFBC}") = "AppHost", "AppHost\AppHost.csproj", "{C4CCB31C-6A4A-4861-9653-A1DAE5863557}"
EndProject
Project("{FAE04EC0-301F-11D3-BF4B-00C04F79EFBC}") = "ServiceDefaults", "ServiceDefaults\ServiceDefaults.csproj", "{D9F44960-A907-41D3-8D6C-A86DE8C117B9}"
EndProject
Project("{FAE04EC0-301F-11D3-BF4B-00C04F79EFBC}") = "Api", "Api\Api.csproj", "{CBFA08EA-AECE-205F-7B85-326FD0B81BAD}"
EndProject
Project("{FAE04EC0-301F-11D3-BF4B-00C04F79EFBC}") = "Web", "Web\Web.csproj", "{AE2BDC88-D1CD-68A9-724B-0BB2BF755B0E}"
EndProject
Project("{FAE04EC0-301F-11D3-BF4B-00C04F79EFBC}") = "Infrastructure", "Infrastructure\Infrastructure.csproj", "{EB63795E-911A-4C35-943A-B9ED2500C837}"
EndProject
Project("{FAE04EC0-301F-11D3-BF4B-00C04F79EFBC}") = "Application", "Application\Application.csproj", "{415CC84D-E54C-46E1-AB3D-B66C45500716}"
EndProject
Project("{2150E333-8FDC-42A3-9474-1A3956D46DE8}") = "src", "src", "{02EA681E-C7D8-13C7-8484-4AC65E1B71E8}"
EndProject
Project("{2150E333-8FDC-42A3-9474-1A3956D46DE8}") = "tests", "tests", "{7A7749ED-3F8C-495B-9849-95859339BE3D}"
EndProject
Project("{FAE04EC0-301F-11D3-BF4B-00C04F79EFBC}") = "Core", "Core\Core.csproj", "{76A15876-0BB0-4692-B1C5-565436D5B6EA}"
EndProject
Global
	GlobalSection(SolutionConfigurationPlatforms) = preSolution
		Debug|Any CPU = Debug|Any CPU
		Release|Any CPU = Release|Any CPU
	EndGlobalSection
	GlobalSection(ProjectConfigurationPlatforms) = postSolution
		{C4CCB31C-6A4A-4861-9653-A1DAE5863557}.Debug|Any CPU.ActiveCfg = Debug|Any CPU
		{C4CCB31C-6A4A-4861-9653-A1DAE5863557}.Debug|Any CPU.Build.0 = Debug|Any CPU
		{C4CCB31C-6A4A-4861-9653-A1DAE5863557}.Release|Any CPU.ActiveCfg = Release|Any CPU
		{C4CCB31C-6A4A-4861-9653-A1DAE5863557}.Release|Any CPU.Build.0 = Release|Any CPU
		{D9F44960-A907-41D3-8D6C-A86DE8C117B9}.Debug|Any CPU.ActiveCfg = Debug|Any CPU
		{D9F44960-A907-41D3-8D6C-A86DE8C117B9}.Debug|Any CPU.Build.0 = Debug|Any CPU
		{D9F44960-A907-41D3-8D6C-A86DE8C117B9}.Release|Any CPU.ActiveCfg = Release|Any CPU
		{D9F44960-A907-41D3-8D6C-A86DE8C117B9}.Release|Any CPU.Build.0 = Release|Any CPU
		{CBFA08EA-AECE-205F-7B85-326FD0B81BAD}.Debug|Any CPU.ActiveCfg = Debug|Any CPU
		{CBFA08EA-AECE-205F-7B85-326FD0B81BAD}.Debug|Any CPU.Build.0 = Debug|Any CPU
		{CBFA08EA-AECE-205F-7B85-326FD0B81BAD}.Release|Any CPU.ActiveCfg = Release|Any CPU
		{CBFA08EA-AECE-205F-7B85-326FD0B81BAD}.Release|Any CPU.Build.0 = Release|Any CPU
		{AE2BDC88-D1CD-68A9-724B-0BB2BF755B0E}.Debug|Any CPU.ActiveCfg = Debug|Any CPU
		{AE2BDC88-D1CD-68A9-724B-0BB2BF755B0E}.Debug|Any CPU.Build.0 = Debug|Any CPU
		{AE2BDC88-D1CD-68A9-724B-0BB2BF755B0E}.Release|Any CPU.ActiveCfg = Release|Any CPU
		{AE2BDC88-D1CD-68A9-724B-0BB2BF755B0E}.Release|Any CPU.Build.0 = Release|Any CPU
		{EB63795E-911A-4C35-943A-B9ED2500C837}.Debug|Any CPU.ActiveCfg = Debug|Any CPU
		{EB63795E-911A-4C35-943A-B9ED2500C837}.Debug|Any CPU.Build.0 = Debug|Any CPU
		{EB63795E-911A-4C35-943A-B9ED2500C837}.Release|Any CPU.ActiveCfg = Release|Any CPU
		{EB63795E-911A-4C35-943A-B9ED2500C837}.Release|Any CPU.Build.0 = Release|Any CPU
		{415CC84D-E54C-46E1-AB3D-B66C45500716}.Debug|Any CPU.ActiveCfg = Debug|Any CPU
		{415CC84D-E54C-46E1-AB3D-B66C45500716}.Debug|Any CPU.Build.0 = Debug|Any CPU
		{415CC84D-E54C-46E1-AB3D-B66C45500716}.Release|Any CPU.ActiveCfg = Release|Any CPU
		{415CC84D-E54C-46E1-AB3D-B66C45500716}.Release|Any CPU.Build.0 = Release|Any CPU
		{76A15876-0BB0-4692-B1C5-565436D5B6EA}.Debug|Any CPU.ActiveCfg = Debug|Any CPU
		{76A15876-0BB0-4692-B1C5-565436D5B6EA}.Debug|Any CPU.Build.0 = Debug|Any CPU
		{76A15876-0BB0-4692-B1C5-565436D5B6EA}.Release|Any CPU.ActiveCfg = Release|Any CPU
		{76A15876-0BB0-4692-B1C5-565436D5B6EA}.Release|Any CPU.Build.0 = Release|Any CPU
	EndGlobalSection
	GlobalSection(SolutionProperties) = preSolution
		HideSolutionNode = FALSE
	EndGlobalSection
	GlobalSection(NestedProjects) = preSolution
		{C4CCB31C-6A4A-4861-9653-A1DAE5863557} = {02EA681E-C7D8-13C7-8484-4AC65E1B71E8}
		{D9F44960-A907-41D3-8D6C-A86DE8C117B9} = {02EA681E-C7D8-13C7-8484-4AC65E1B71E8}
		{CBFA08EA-AECE-205F-7B85-326FD0B81BAD} = {02EA681E-C7D8-13C7-8484-4AC65E1B71E8}
		{AE2BDC88-D1CD-68A9-724B-0BB2BF755B0E} = {02EA681E-C7D8-13C7-8484-4AC65E1B71E8}
		{EB63795E-911A-4C35-943A-B9ED2500C837} = {02EA681E-C7D8-13C7-8484-4AC65E1B71E8}
		{415CC84D-E54C-46E1-AB3D-B66C45500716} = {02EA681E-C7D8-13C7-8484-4AC65E1B71E8}
		{76A15876-0BB0-4692-B1C5-565436D5B6EA} = {02EA681E-C7D8-13C7-8484-4AC65E1B71E8}
	EndGlobalSection
	GlobalSection(ExtensibilityGlobals) = postSolution
		SolutionGuid = {BAB701B1-01DF-47BF-AF7A-48FD4957E25C}
	EndGlobalSection
EndGlobal
